github.com/alexandrevicenzi/go-sse v1.6.0 h1:3KvOzpuY7UrbqZgAtOEmub9/V5ykr7Myudw+PA+H1Ik=
github.com/alexandrevicenzi/go-sse v1.6.0/go.mod h1:jdrNAhMgVqP7OfcUuM8eJx0sOY17wc+girs5utpFZUU=
github.com/go-chi/chi/v5 v5.2.0 h1:Aj1EtB0qR2Rdo2dG4O94RIU35w2lvQSj6BRA4+qwFL0=
github.com/go-chi/chi/v5 v5.2.0/go.mod h1:DslCQbL2OYiznFReuXYUmQ2hGd1aDpCnlMNITLSKoi8=
